{
  "name": "triex-remote",
  "version": "0.9.0",
  "lockfileVersion": 3,
  "requires": true,
  "packages": {
    "": {
      "name": "triex-remote",
      "version": "0.9.0",
      "license": "MIT",
      "dependencies": {
        "triex-factory": "^0.10.0",
        "triex-types": "^0.10.0"
      },
      "devDependencies": {
        "@types/node": "^18.7.3",
        "typescript": "^4.7.4"
      }
    },
    "node_modules/@types/node": {
      "version": "18.15.11",
      "resolved": "https://registry.npmjs.org/@types/node/-/node-18.15.11.tgz",
      "integrity": "sha512-E5Kwq2n4SbMzQOn6wnmBjuK9ouqlURrcZDVfbo9ftDDTFt3nk7ZKK4GMOzoYgnpQJKcxwQw+lGaBvvlMo0qN/Q==",
      "dev": true
    },
    "node_modules/triex-factory": {
      "version": "0.10.0",
      "resolved": "https://registry.npmjs.org/triex-factory/-/triex-factory-0.10.0.tgz",
      "integrity": "sha512-wq8odbrwnNMKv7grpqrAXoeSMm9F1OFZaVRe0PIItbIiO9t2dK+Q197AcxkzB1uXez9Q5PT0FA3OicL8PXJ6uw==",
      "dependencies": {
        "triex-types": "^0.10.0"
      }
    },
    "node_modules/triex-types": {
      "version": "0.10.0",
      "resolved": "https://registry.npmjs.org/triex-types/-/triex-types-0.10.0.tgz",
      "integrity": "sha512-Fuh49hSglMJ/UDv3D6pkg4+D1J+1+xpO5wJlOIQuoZKhi/T1SauWayzYUUCNkK7PVCIaqXTwEnJuLQKnZjRXVg=="
    },
    "node_modules/typescript": {
      "version": "4.9.5",
      "resolved": "https://registry.npmjs.org/typescript/-/typescript-4.9.5.tgz",
      "integrity": "sha512-1FXk9E2Hm+QzZQ7z+McJiHL4NW1F2EzMu9Nq9i3zAaGqibafqYwCVU6WyWAuyQRRzOlxou8xZSyXLEN8oKj24g==",
      "dev": true,
      "bin": {
        "tsc": "bin/tsc",
        "tsserver": "bin/tsserver"
      },
      "engines": {
        "node": ">=4.2.0"
      }
    }
  }
}
