{
  "name": "triex-remote",
  "version": "0.6.0",
  "lockfileVersion": 3,
  "requires": true,
  "packages": {
    "": {
      "name": "triex-remote",
      "version": "0.6.0",
      "license": "MIT",
      "dependencies": {
        "triex-factory": "^0.7.0",
        "triex-types": "^0.7.0"
      },
      "devDependencies": {
        "@types/node": "^18.7.3",
        "typescript": "^4.7.4"
      }
    },
    "node_modules/@types/node": {
      "version": "18.15.11",
      "resolved": "https://registry.npmjs.org/@types/node/-/node-18.15.11.tgz",
      "integrity": "sha512-E5Kwq2n4SbMzQOn6wnmBjuK9ouqlURrcZDVfbo9ftDDTFt3nk7ZKK4GMOzoYgnpQJKcxwQw+lGaBvvlMo0qN/Q==",
      "dev": true
    },
    "node_modules/triex-factory": {
      "version": "0.7.0",
      "resolved": "https://registry.npmjs.org/triex-factory/-/triex-factory-0.7.0.tgz",
      "integrity": "sha512-iv9P18/fCdUKA+tMZS4seLbwl6IBu4QGoJO8qBBF+W59Csyqhte0lQ+oTn1N3QxTncCRt903oygKzivpOpg2yg==",
      "dependencies": {
        "triex-types": "^0.7.0"
      }
    },
    "node_modules/triex-types": {
      "version": "0.7.0",
      "resolved": "https://registry.npmjs.org/triex-types/-/triex-types-0.7.0.tgz",
      "integrity": "sha512-sJaeTdG3Aot4rMkyA+zWIer1uq+41tKSnRuGG6STw0pBbpjpnVs9KYAeFgjV7HAWzcbWtZh3ZI9yp+95NJOsCg=="
    },
    "node_modules/typescript": {
      "version": "4.9.5",
      "resolved": "https://registry.npmjs.org/typescript/-/typescript-4.9.5.tgz",
      "integrity": "sha512-1FXk9E2Hm+QzZQ7z+McJiHL4NW1F2EzMu9Nq9i3zAaGqibafqYwCVU6WyWAuyQRRzOlxou8xZSyXLEN8oKj24g==",
      "dev": true,
      "bin": {
        "tsc": "bin/tsc",
        "tsserver": "bin/tsserver"
      },
      "engines": {
        "node": ">=4.2.0"
      }
    }
  }
}
